
Microsoft Visual Studio Solution File, Format Version 12.00
# Visual Studio 15
VisualStudioVersion = 15.0.28307.168
MinimumVisualStudioVersion = 10.0.40219.1
Project("{FAE04EC0-301F-11D3-BF4B-00C04F79EFBC}") = "WFAMustafaYardimci", "WFAMustafaYardimci\WFAMustafaYardimci.csproj", "{8FCBAA02-C8BE-4D1D-A49D-2AA8F8BE4C87}"
EndProject
Global
	GlobalSection(SolutionConfigurationPlatforms) = preSolution
		Debug|Any CPU = Debug|Any CPU
		Release|Any CPU = Release|Any CPU
	EndGlobalSection
	GlobalSection(ProjectConfigurationPlatforms) = postSolution
		{8FCBAA02-C8BE-4D1D-A49D-2AA8F8BE4C87}.Debug|Any CPU.ActiveCfg = Debug|Any CPU
		{8FCBAA02-C8BE-4D1D-A49D-2AA8F8BE4C87}.Debug|Any CPU.Build.0 = Debug|Any CPU
		{8FCBAA02-C8BE-4D1D-A49D-2AA8F8BE4C87}.Release|Any CPU.ActiveCfg = Release|Any CPU
		{8FCBAA02-C8BE-4D1D-A49D-2AA8F8BE4C87}.Release|Any CPU.Build.0 = Release|Any CPU
	EndGlobalSection
	GlobalSection(SolutionProperties) = preSolution
		HideSolutionNode = FALSE
	EndGlobalSection
	GlobalSection(ExtensibilityGlobals) = postSolution
		SolutionGuid = {F09E9AE3-ABCC-447C-A12E-358686DFCA32}
	EndGlobalSection
EndGlobal
